
Microsoft Visual Studio Solution File, Format Version 12.00
# Visual Studio Version 16
VisualStudioVersion = 16.0.30907.101
MinimumVisualStudioVersion = 10.0.40219.1
Project("{FAE04EC0-301F-11D3-BF4B-00C04F79EFBC}") = "Platform", "Platform.csproj", "{ABE8BD2A-CFA2-4912-B635-AC7C52F81434}"
EndProject
Project("{FAE04EC0-301F-11D3-BF4B-00C04F79EFBC}") = "PlatformTester", "..\PlatformTester\PlatformTester.csproj", "{3C281583-10F3-454E-B54C-E6292586BACC}"
EndProject
Global
	GlobalSection(SolutionConfigurationPlatforms) = preSolution
		Debug|Any CPU = Debug|Any CPU
		Release|Any CPU = Release|Any CPU
	EndGlobalSection
	GlobalSection(ProjectConfigurationPlatforms) = postSolution
		{ABE8BD2A-CFA2-4912-B635-AC7C52F81434}.Debug|Any CPU.ActiveCfg = Debug|Any CPU
		{ABE8BD2A-CFA2-4912-B635-AC7C52F81434}.Debug|Any CPU.Build.0 = Debug|Any CPU
		{ABE8BD2A-CFA2-4912-B635-AC7C52F81434}.Release|Any CPU.ActiveCfg = Release|Any CPU
		{ABE8BD2A-CFA2-4912-B635-AC7C52F81434}.Release|Any CPU.Build.0 = Release|Any CPU
		{3C281583-10F3-454E-B54C-E6292586BACC}.Debug|Any CPU.ActiveCfg = Debug|Any CPU
		{3C281583-10F3-454E-B54C-E6292586BACC}.Debug|Any CPU.Build.0 = Debug|Any CPU
		{3C281583-10F3-454E-B54C-E6292586BACC}.Release|Any CPU.ActiveCfg = Release|Any CPU
		{3C281583-10F3-454E-B54C-E6292586BACC}.Release|Any CPU.Build.0 = Release|Any CPU
	EndGlobalSection
	GlobalSection(SolutionProperties) = preSolution
		HideSolutionNode = FALSE
	EndGlobalSection
	GlobalSection(ExtensibilityGlobals) = postSolution
		SolutionGuid = {48D12A59-A567-4B6A-A33E-81B4DAA9B1E9}
	EndGlobalSection
EndGlobal
